{
  "name": "itransition-coursework",
  "version": "1.0.0",
  "lockfileVersion": 1,
  "requires": true,
  "dependencies": {
    "@babel/runtime": {
      "version": "7.12.5",
      "resolved": "https://registry.npmjs.org/@babel/runtime/-/runtime-7.12.5.tgz",
      "integrity": "sha512-plcc+hbExy3McchJCEQG3knOsuh3HH+Prx1P6cLIkET/0dLuQDEnrT+s27Axgc9bqfsmNUNHfscgMUdBpC9xfg==",
      "requires": {
        "regenerator-runtime": "^0.13.4"
      }
    },
    "@types/jquery": {
      "version": "3.5.4",
      "resolved": "https://registry.npmjs.org/@types/jquery/-/jquery-3.5.4.tgz",
      "integrity": "sha512-//9CHhaUt/rurMJTxGI+I6DmsNHgYU6d8aSLFfO5dB7+10lwLnaWT0z5GY/yY82Q/M+B+0Qh3TixlJ8vmBeqIw==",
      "requires": {
        "@types/sizzle": "*"
      }
    },
    "@types/jqueryui": {
      "version": "1.12.13",
      "resolved": "https://registry.npmjs.org/@types/jqueryui/-/jqueryui-1.12.13.tgz",
      "integrity": "sha512-IIOytTkwN6mBcJqi5SP8T8zqDGKy9hIpifQ0aGj1/ZjqshOoMo0yZdLp2uLIg7mQDJOwMCSC3EY1QZC/qZzvLQ==",
      "requires": {
        "@types/jquery": "*"
      }
    },
    "@types/marked": {
      "version": "1.1.0",
      "resolved": "https://registry.npmjs.org/@types/marked/-/marked-1.1.0.tgz",
      "integrity": "sha512-j8XXj6/l9kFvCwMyVqozznqpd/nk80krrW+QiIJN60Uu9gX5Pvn4/qPJ2YngQrR3QREPwmrE1f9/EWKVTFzoEw=="
    },
    "@types/node": {
      "version": "14.14.7",
      "resolved": "https://registry.npmjs.org/@types/node/-/node-14.14.7.tgz",
      "integrity": "sha512-Zw1vhUSQZYw+7u5dAwNbIA9TuTotpzY/OF7sJM9FqPOF3SPjKnxrjoTktXDZgUjybf4cWVBP7O8wvKdSaGHweg=="
    },
    "@types/readmore-js": {
      "version": "3.0.0",
      "resolved": "https://registry.npmjs.org/@types/readmore-js/-/readmore-js-3.0.0.tgz",
      "integrity": "sha512-wKo7VssRhTB4c/kyftNcnI8UxNuRxDKpbRPZUZgy2ZxBcuYuJ7XTCY9eBNlTZnLV+ma32+HFOILqxfc9BI99vA==",
      "dev": true
    },
    "@types/sizzle": {
      "version": "2.3.2",
      "resolved": "https://registry.npmjs.org/@types/sizzle/-/sizzle-2.3.2.tgz",
      "integrity": "sha512-7EJYyKTL7tFR8+gDbB6Wwz/arpGa0Mywk1TJbNzKzHtzbwVmY4HR9WqS5VV7dsBUKQmPNr192jHr/VpBluj/hg=="
    },
    "i": {
      "version": "0.3.6",
      "resolved": "https://registry.npmjs.org/i/-/i-0.3.6.tgz",
      "integrity": "sha1-2WyScyB28HJxG2sQ/X1PZa2O4j0=",
      "dev": true
    },
    "readmore-js": {
      "version": "3.0.0-beta-1",
      "resolved": "https://registry.npmjs.org/readmore-js/-/readmore-js-3.0.0-beta-1.tgz",
      "integrity": "sha512-yfaoEghzR2V2j8okpOg9D12AttQ9odVLVx51oKKpsk/GTbhIt6O6mprZEN1MZxz69Waye3catBV7mXXkg9sC5Q==",
      "requires": {
        "@babel/runtime": "^7.3.1"
      }
    },
    "regenerator-runtime": {
      "version": "0.13.7",
      "resolved": "https://registry.npmjs.org/regenerator-runtime/-/regenerator-runtime-0.13.7.tgz",
      "integrity": "sha512-a54FxoJDIr27pgf7IgeQGxmqUNYrcV338lf/6gH456HZ/PhX+5BcwHXG9ajESmwe6WRO0tAzRUrRmNONWgkrew=="
    }
  }
}
